
Microsoft Visual Studio Solution File, Format Version 12.00
# Visual Studio Version 17
VisualStudioVersion = 17.9.34728.123
MinimumVisualStudioVersion = 10.0.40219.1
Project("{FAE04EC0-301F-11D3-BF4B-00C04F79EFBC}") = "Routage", "Routage.csproj", "{8A606A73-2756-4659-A208-02EFA437333C}"
EndProject
Global
	GlobalSection(SolutionConfigurationPlatforms) = preSolution
		Debug|Any CPU = Debug|Any CPU
		Release|Any CPU = Release|Any CPU
	EndGlobalSection
	GlobalSection(ProjectConfigurationPlatforms) = postSolution
		{8A606A73-2756-4659-A208-02EFA437333C}.Debug|Any CPU.ActiveCfg = Debug|Any CPU
		{8A606A73-2756-4659-A208-02EFA437333C}.Debug|Any CPU.Build.0 = Debug|Any CPU
		{8A606A73-2756-4659-A208-02EFA437333C}.Release|Any CPU.ActiveCfg = Release|Any CPU
		{8A606A73-2756-4659-A208-02EFA437333C}.Release|Any CPU.Build.0 = Release|Any CPU
	EndGlobalSection
	GlobalSection(SolutionProperties) = preSolution
		HideSolutionNode = FALSE
	EndGlobalSection
	GlobalSection(ExtensibilityGlobals) = postSolution
		SolutionGuid = {F0D27DC6-64C0-4ECB-B033-B88EBB36DE17}
	EndGlobalSection
EndGlobal
